# This file is autogenerated, do not edit; changes may be undone by the next 'dep ensure'.


[[projects]]
  digest = "1:1adf389cdedae3e38d664fc387aa63718f8ad8397e0cce8e2f3c7450833ab650"
  name = "github.com/peterbourgon/ff"
  packages = ["."]
  pruneopts = ""
  revision = "52d851567994fcca73bf3668fc3099cfa7be3768"
  version = "v1.2.0"

[[projects]]
  branch = "master"
  digest = "1:e58fd73c518cb280c8425a1e27e09639ccf683c23c588c44a724f4aaee2e530a"
  name = "github.com/sosedoff/ansible-vault-go"
  packages = ["."]
  pruneopts = ""
  revision = "ab5632c40bf561686dfdefcba499ef4d17cdcca6"

[[projects]]
  branch = "master"
  digest = "1:90ee1a8a60a9d5f6d75772a93bdf176735441420c1a9d7cb9afad11bf68ddf33"
  name = "golang.org/x/crypto"
  packages = ["pbkdf2"]
  pruneopts = ""
  revision = "a29dc8fdc73485234dbef99ebedb95d2eced08de"

[solve-meta]
  analyzer-name = "dep"
  analyzer-version = 1
  input-imports = [
    "github.com/peterbourgon/ff",
    "github.com/sosedoff/ansible-vault-go",
  ]
  solver-name = "gps-cdcl"
  solver-version = 1
